
Microsoft Visual Studio Solution File, Format Version 12.00
# Visual Studio Version 17
VisualStudioVersion = 17.5.33627.172
MinimumVisualStudioVersion = 10.0.40219.1
Project("{9A19103F-16F7-4668-BE54-9A1E7A4F7556}") = "Base.Main", "Base.Main\Base.Main.csproj", "{D697EDFD-0E6B-48A2-8191-1C2C6245E0D2}"
EndProject
Project("{9A19103F-16F7-4668-BE54-9A1E7A4F7556}") = "WebApp.StrategyPattern", "WebApp.StrategyPattern\WebApp.StrategyPattern.csproj", "{B1A38D99-8DD3-447F-A7B1-AC4686A2EF84}"
EndProject
Project("{9A19103F-16F7-4668-BE54-9A1E7A4F7556}") = "WebApp.TemplatePattern", "WebApp.TemplatePattern\WebApp.TemplatePattern.csproj", "{BAC9099E-1294-43DB-8683-925E68D1F660}"
EndProject
Project("{9A19103F-16F7-4668-BE54-9A1E7A4F7556}") = "WebApp.CommandPattern", "WebApp.CommandPattern\WebApp.CommandPattern.csproj", "{2211F7E0-A79E-4200-9C3B-0BF11A2661A4}"
EndProject
Project("{9A19103F-16F7-4668-BE54-9A1E7A4F7556}") = "WebApp.ObserverPattern", "WebApp.ObserverPattern\WebApp.ObserverPattern.csproj", "{C552399F-10EF-4F68-8CAC-00B594600ABE}"
EndProject
Project("{9A19103F-16F7-4668-BE54-9A1E7A4F7556}") = "WebApp.ChainOfResponsibilityPattern", "WebApp.ChainOfResponsibilityPattern\WebApp.ChainOfResponsibilityPattern.csproj", "{89D1B4C1-DF31-4ABB-BAC9-15330F4FA486}"
EndProject
Project("{9A19103F-16F7-4668-BE54-9A1E7A4F7556}") = "WebApp.CompositePattern", "WebApp.CompositePattern\WebApp.CompositePattern.csproj", "{5FA3CF2C-34E6-41E7-AC07-7F179772787B}"
EndProject
Global
	GlobalSection(SolutionConfigurationPlatforms) = preSolution
		Debug|Any CPU = Debug|Any CPU
		Release|Any CPU = Release|Any CPU
	EndGlobalSection
	GlobalSection(ProjectConfigurationPlatforms) = postSolution
		{D697EDFD-0E6B-48A2-8191-1C2C6245E0D2}.Debug|Any CPU.ActiveCfg = Debug|Any CPU
		{D697EDFD-0E6B-48A2-8191-1C2C6245E0D2}.Debug|Any CPU.Build.0 = Debug|Any CPU
		{D697EDFD-0E6B-48A2-8191-1C2C6245E0D2}.Release|Any CPU.ActiveCfg = Release|Any CPU
		{D697EDFD-0E6B-48A2-8191-1C2C6245E0D2}.Release|Any CPU.Build.0 = Release|Any CPU
		{B1A38D99-8DD3-447F-A7B1-AC4686A2EF84}.Debug|Any CPU.ActiveCfg = Debug|Any CPU
		{B1A38D99-8DD3-447F-A7B1-AC4686A2EF84}.Debug|Any CPU.Build.0 = Debug|Any CPU
		{B1A38D99-8DD3-447F-A7B1-AC4686A2EF84}.Release|Any CPU.ActiveCfg = Release|Any CPU
		{B1A38D99-8DD3-447F-A7B1-AC4686A2EF84}.Release|Any CPU.Build.0 = Release|Any CPU
		{BAC9099E-1294-43DB-8683-925E68D1F660}.Debug|Any CPU.ActiveCfg = Debug|Any CPU
		{BAC9099E-1294-43DB-8683-925E68D1F660}.Debug|Any CPU.Build.0 = Debug|Any CPU
		{BAC9099E-1294-43DB-8683-925E68D1F660}.Release|Any CPU.ActiveCfg = Release|Any CPU
		{BAC9099E-1294-43DB-8683-925E68D1F660}.Release|Any CPU.Build.0 = Release|Any CPU
		{2211F7E0-A79E-4200-9C3B-0BF11A2661A4}.Debug|Any CPU.ActiveCfg = Debug|Any CPU
		{2211F7E0-A79E-4200-9C3B-0BF11A2661A4}.Debug|Any CPU.Build.0 = Debug|Any CPU
		{2211F7E0-A79E-4200-9C3B-0BF11A2661A4}.Release|Any CPU.ActiveCfg = Release|Any CPU
		{2211F7E0-A79E-4200-9C3B-0BF11A2661A4}.Release|Any CPU.Build.0 = Release|Any CPU
		{C552399F-10EF-4F68-8CAC-00B594600ABE}.Debug|Any CPU.ActiveCfg = Debug|Any CPU
		{C552399F-10EF-4F68-8CAC-00B594600ABE}.Debug|Any CPU.Build.0 = Debug|Any CPU
		{C552399F-10EF-4F68-8CAC-00B594600ABE}.Release|Any CPU.ActiveCfg = Release|Any CPU
		{C552399F-10EF-4F68-8CAC-00B594600ABE}.Release|Any CPU.Build.0 = Release|Any CPU
		{89D1B4C1-DF31-4ABB-BAC9-15330F4FA486}.Debug|Any CPU.ActiveCfg = Debug|Any CPU
		{89D1B4C1-DF31-4ABB-BAC9-15330F4FA486}.Debug|Any CPU.Build.0 = Debug|Any CPU
		{89D1B4C1-DF31-4ABB-BAC9-15330F4FA486}.Release|Any CPU.ActiveCfg = Release|Any CPU
		{89D1B4C1-DF31-4ABB-BAC9-15330F4FA486}.Release|Any CPU.Build.0 = Release|Any CPU
		{5FA3CF2C-34E6-41E7-AC07-7F179772787B}.Debug|Any CPU.ActiveCfg = Debug|Any CPU
		{5FA3CF2C-34E6-41E7-AC07-7F179772787B}.Debug|Any CPU.Build.0 = Debug|Any CPU
		{5FA3CF2C-34E6-41E7-AC07-7F179772787B}.Release|Any CPU.ActiveCfg = Release|Any CPU
		{5FA3CF2C-34E6-41E7-AC07-7F179772787B}.Release|Any CPU.Build.0 = Release|Any CPU
	EndGlobalSection
	GlobalSection(SolutionProperties) = preSolution
		HideSolutionNode = FALSE
	EndGlobalSection
	GlobalSection(ExtensibilityGlobals) = postSolution
		SolutionGuid = {3938357F-3486-4762-89A1-15908E2A25FD}
	EndGlobalSection
EndGlobal
